// !$*UTF8*$!
{
	archiveVersion = 1;
	classes = {
	};
	objectVersion = 46;
	objects = {

/* Begin PBXBuildFile section */
		4A2978951841658F002847A3 /* ApplicationServices.framework in Frameworks */ = {isa = PBXBuildFile; fileRef = 4AB2E839183303F000A5D813 /* ApplicationServices.framework */; };
		4A29789818416727002847A3 /* Hops.dylib in CopyFiles */ = {isa = PBXBuildFile; fileRef = 4AD9CC9B18415FC400B4C900 /* Hops.dylib */; };
		4A34F9851835C1030084D695 /* PCPackageUnpacker.h in Headers */ = {isa = PBXBuildFile; fileRef = 4A34F9831835C1030084D695 /* PCPackageUnpacker.h */; };
		4A34F99A1835CF460084D695 /* PCPackagePreview.h in Headers */ = {isa = PBXBuildFile; fileRef = 4A34F9981835CF460084D695 /* PCPackagePreview.h */; };
		4A46B16618347E3200650C3A /* PCProfile.h in Headers */ = {isa = PBXBuildFile; fileRef = 4A46B16418347E3200650C3A /* PCProfile.h */; };
		4A46B16B18347EA200650C3A /* PCMutableProfile.h in Headers */ = {isa = PBXBuildFile; fileRef = 4A46B16918347EA200650C3A /* PCMutableProfile.h */; };
		4AB2E838183303F000A5D813 /* QuickLook.framework in Frameworks */ = {isa = PBXBuildFile; fileRef = 4AB2E837183303F000A5D813 /* QuickLook.framework */; };
		4AB2E844183303F000A5D813 /* InfoPlist.strings in Resources */ = {isa = PBXBuildFile; fileRef = 4AB2E842183303F000A5D813 /* InfoPlist.strings */; };
		4AB2E846183303F000A5D813 /* GenerateThumbnailForURL.m in Sources */ = {isa = PBXBuildFile; fileRef = 4AB2E845183303F000A5D813 /* GenerateThumbnailForURL.m */; };
		4AB2E848183303F000A5D813 /* GeneratePreviewForURL.m in Sources */ = {isa = PBXBuildFile; fileRef = 4AB2E847183303F000A5D813 /* GeneratePreviewForURL.m */; };
		4AB2E84A183303F000A5D813 /* main.c in Sources */ = {isa = PBXBuildFile; fileRef = 4AB2E849183303F000A5D813 /* main.c */; };
		4AC3112D1846EF8C00285CB5 /* libGRMustache6-MacOS.a in Frameworks */ = {isa = PBXBuildFile; fileRef = 4AC3112C1846EF8C00285CB5 /* libGRMustache6-MacOS.a */; };
		4AC3112E18481C3C00285CB5 /* Security.framework in Frameworks */ = {isa = PBXBuildFile; fileRef = 4A46B1601833116700650C3A /* Security.framework */; };
		4AC3113018481CD400285CB5 /* text.mustache in CopyFiles */ = {isa = PBXBuildFile; fileRef = 4AC311291846D69900285CB5 /* text.mustache */; };
		4AC311331848207700285CB5 /* text.mustache in CopyFiles */ = {isa = PBXBuildFile; fileRef = 4AC311291846D69900285CB5 /* text.mustache */; };
		4AC31135184821D700285CB5 /* html.mustache in CopyFiles */ = {isa = PBXBuildFile; fileRef = 4AC31134184821C200285CB5 /* html.mustache */; };
		4AC31136184821DE00285CB5 /* html.mustache in CopyFiles */ = {isa = PBXBuildFile; fileRef = 4AC31134184821C200285CB5 /* html.mustache */; };
		4AC3113818482E1300285CB5 /* info-plist-valid.plist in Resources */ = {isa = PBXBuildFile; fileRef = 4AC3113718482E1300285CB5 /* info-plist-valid.plist */; };
		4AC3113A18482E5D00285CB5 /* info-plist-missing-bundle-name.plist in Resources */ = {isa = PBXBuildFile; fileRef = 4AC3113918482E5D00285CB5 /* info-plist-missing-bundle-name.plist */; };
		4AC3113C18482EBA00285CB5 /* PCInfoParserTest.m in Sources */ = {isa = PBXBuildFile; fileRef = 4AC3113B18482EBA00285CB5 /* PCInfoParserTest.m */; };
		4AC3113F18482F6000285CB5 /* PCInfoParser.h in Headers */ = {isa = PBXBuildFile; fileRef = 4AC3113D18482F6000285CB5 /* PCInfoParser.h */; };
		4AC3114018482F6000285CB5 /* PCInfoParser.m in Sources */ = {isa = PBXBuildFile; fileRef = 4AC3113E18482F6000285CB5 /* PCInfoParser.m */; };
		4ACBCDCA18CD49A600D9A26F /* ipa-valid-info.ipa in Resources */ = {isa = PBXBuildFile; fileRef = 4ACBCDC918CD499D00D9A26F /* ipa-valid-info.ipa */; };
		4ACBCDCC18CD49C200D9A26F /* ipa-info-and-profile.ipa in Resources */ = {isa = PBXBuildFile; fileRef = 4ACBCDCB18CD49C200D9A26F /* ipa-info-and-profile.ipa */; };
		4AD9CCC018415FE400B4C900 /* PCPackagePreview.m in Sources */ = {isa = PBXBuildFile; fileRef = 4A34F9991835CF460084D695 /* PCPackagePreview.m */; };
		4AD9CCC118415FE400B4C900 /* PCProfile.m in Sources */ = {isa = PBXBuildFile; fileRef = 4A46B16518347E3200650C3A /* PCProfile.m */; };
		4AD9CCC218415FE400B4C900 /* PCMutableProfile.m in Sources */ = {isa = PBXBuildFile; fileRef = 4A46B16A18347EA200650C3A /* PCMutableProfile.m */; };
		4AD9CCC318415FE400B4C900 /* PCPackageUnpacker.m in Sources */ = {isa = PBXBuildFile; fileRef = 4A34F9841835C1030084D695 /* PCPackageUnpacker.m */; };
		4AD9CCC418415FE400B4C900 /* PCProfileParser.m in Sources */ = {isa = PBXBuildFile; fileRef = 4AE3E6251833063F008B6924 /* PCProfileParser.m */; };
		4AD9CCC518415FFB00B4C900 /* Hops.dylib in Frameworks */ = {isa = PBXBuildFile; fileRef = 4AD9CC9B18415FC400B4C900 /* Hops.dylib */; };
		4AD9CCC71841601E00B4C900 /* libzipzap.a in Frameworks */ = {isa = PBXBuildFile; fileRef = 4AD9CCC61841601E00B4C900 /* libzipzap.a */; };
		4AD9CCC81841602200B4C900 /* libz.dylib in Frameworks */ = {isa = PBXBuildFile; fileRef = 4A34F97F1835C0280084D695 /* libz.dylib */; };
		4AD9CCC91841604700B4C900 /* libc++.dylib in Frameworks */ = {isa = PBXBuildFile; fileRef = 4A34F97D1835C01C0084D695 /* libc++.dylib */; };
		4AD9CCCA1841605000B4C900 /* ApplicationServices.framework in Frameworks */ = {isa = PBXBuildFile; fileRef = 4AB2E839183303F000A5D813 /* ApplicationServices.framework */; };
		4AD9CCCB1841605500B4C900 /* CoreServices.framework in Frameworks */ = {isa = PBXBuildFile; fileRef = 4AB2E83B183303F000A5D813 /* CoreServices.framework */; };
		4AD9CCCC1841605900B4C900 /* CoreFoundation.framework in Frameworks */ = {isa = PBXBuildFile; fileRef = 4AB2E83D183303F000A5D813 /* CoreFoundation.framework */; };
		4AD9CCCE1841608B00B4C900 /* CoreFoundation.framework in Frameworks */ = {isa = PBXBuildFile; fileRef = 4AB2E83D183303F000A5D813 /* CoreFoundation.framework */; };
		4AD9CCDB1841618000B4C900 /* PCPackagePreviewTest.m in Sources */ = {isa = PBXBuildFile; fileRef = 4AD9CCD81841618000B4C900 /* PCPackagePreviewTest.m */; };
		4AD9CCDC1841618000B4C900 /* PCPackageUnpackerTest.m in Sources */ = {isa = PBXBuildFile; fileRef = 4AD9CCD91841618000B4C900 /* PCPackageUnpackerTest.m */; };
		4AD9CCDD1841618000B4C900 /* PCProfileParserTest.m in Sources */ = {isa = PBXBuildFile; fileRef = 4AD9CCDA1841618000B4C900 /* PCProfileParserTest.m */; };
		4AD9CCE71841621200B4C900 /* ipa-valid-profile.ipa in Resources */ = {isa = PBXBuildFile; fileRef = 4AD9CCE21841621200B4C900 /* ipa-valid-profile.ipa */; };
		4AD9CCE81841621200B4C900 /* ipa-no-profile.ipa in Resources */ = {isa = PBXBuildFile; fileRef = 4AD9CCE31841621200B4C900 /* ipa-no-profile.ipa */; };
		4AD9CCE91841621200B4C900 /* ipa-corrupt.ipa in Resources */ = {isa = PBXBuildFile; fileRef = 4AD9CCE41841621200B4C900 /* ipa-corrupt.ipa */; };
		4AD9CCEA1841621200B4C900 /* plist-root-array.plist in Resources */ = {isa = PBXBuildFile; fileRef = 4AD9CCE51841621200B4C900 /* plist-root-array.plist */; };
		4AD9CCEB1841621200B4C900 /* profile-corrupt.mobileprovision in Resources */ = {isa = PBXBuildFile; fileRef = 4AD9CCE61841621200B4C900 /* profile-corrupt.mobileprovision */; };
		4AD9CCEE1841631E00B4C900 /* InfoPlist.strings in Resources */ = {isa = PBXBuildFile; fileRef = 4AD9CCEC1841631E00B4C900 /* InfoPlist.strings */; };
		4AD9CCF0184163CD00B4C900 /* profile-valid.mobileprovision in Resources */ = {isa = PBXBuildFile; fileRef = 4AD9CCEF184163CD00B4C900 /* profile-valid.mobileprovision */; };
		4AE3E614183305CC008B6924 /* XCTest.framework in Frameworks */ = {isa = PBXBuildFile; fileRef = 4AE3E613183305CC008B6924 /* XCTest.framework */; };
		4AE3E6261833063F008B6924 /* PCProfileParser.h in Headers */ = {isa = PBXBuildFile; fileRef = 4AE3E6241833063F008B6924 /* PCProfileParser.h */; };
/* End PBXBuildFile section */

/* Begin PBXContainerItemProxy section */
		4AE3E61E183305CC008B6924 /* PBXContainerItemProxy */ = {
			isa = PBXContainerItemProxy;
			containerPortal = 4AB2E82A183303F000A5D813 /* Project object */;
			proxyType = 1;
			remoteGlobalIDString = 4AB2E833183303F000A5D813;
			remoteInfo = Hops;
		};
/* End PBXContainerItemProxy section */

/* Begin PBXCopyFilesBuildPhase section */
		4A29789718416713002847A3 /* CopyFiles */ = {
			isa = PBXCopyFilesBuildPhase;
			buildActionMask = 2147483647;
			dstPath = "";
			dstSubfolderSpec = 10;
			files = (
				4A29789818416727002847A3 /* Hops.dylib in CopyFiles */,
			);
			runOnlyForDeploymentPostprocessing = 0;
		};
		4AC3112F18481CB500285CB5 /* CopyFiles */ = {
			isa = PBXCopyFilesBuildPhase;
			buildActionMask = 2147483647;
			dstPath = "";
			dstSubfolderSpec = 7;
			files = (
				4AC31135184821D700285CB5 /* html.mustache in CopyFiles */,
				4AC3113018481CD400285CB5 /* text.mustache in CopyFiles */,
			);
			runOnlyForDeploymentPostprocessing = 0;
		};
		4AC311321848207200285CB5 /* CopyFiles */ = {
			isa = PBXCopyFilesBuildPhase;
			buildActionMask = 2147483647;
			dstPath = "";
			dstSubfolderSpec = 7;
			files = (
				4AC31136184821DE00285CB5 /* html.mustache in CopyFiles */,
				4AC311331848207700285CB5 /* text.mustache in CopyFiles */,
			);
			runOnlyForDeploymentPostprocessing = 0;
		};
/* End PBXCopyFilesBuildPhase section */

/* Begin PBXFileReference section */
		4A34F97B1835C0000084D695 /* libzipzap.a */ = {isa = PBXFileReference; lastKnownFileType = archive.ar; name = libzipzap.a; path = zipzap/build/Debug/libzipzap.a; sourceTree = "<group>"; };
		4A34F97D1835C01C0084D695 /* libc++.dylib */ = {isa = PBXFileReference; lastKnownFileType = "compiled.mach-o.dylib"; name = "libc++.dylib"; path = "usr/lib/libc++.dylib"; sourceTree = SDKROOT; };
		4A34F97F1835C0280084D695 /* libz.dylib */ = {isa = PBXFileReference; lastKnownFileType = "compiled.mach-o.dylib"; name = libz.dylib; path = usr/lib/libz.dylib; sourceTree = SDKROOT; };
		4A34F9831835C1030084D695 /* PCPackageUnpacker.h */ = {isa = PBXFileReference; fileEncoding = 4; lastKnownFileType = sourcecode.c.h; path = PCPackageUnpacker.h; sourceTree = "<group>"; };
		4A34F9841835C1030084D695 /* PCPackageUnpacker.m */ = {isa = PBXFileReference; fileEncoding = 4; lastKnownFileType = sourcecode.c.objc; path = PCPackageUnpacker.m; sourceTree = "<group>"; };
		4A34F98E1835C7440084D695 /* libzipzap.a */ = {isa = PBXFileReference; lastKnownFileType = archive.ar; name = libzipzap.a; path = "../../Library/Developer/Xcode/DerivedData/Hops-fzrjeswtxiuqnwajjmqrektwaauc/Build/Products/Debug/libzipzap.a"; sourceTree = "<group>"; };
		4A34F9901835C75F0084D695 /* Foundation.framework */ = {isa = PBXFileReference; lastKnownFileType = wrapper.framework; name = Foundation.framework; path = System/Library/Frameworks/Foundation.framework; sourceTree = SDKROOT; };
		4A34F9981835CF460084D695 /* PCPackagePreview.h */ = {isa = PBXFileReference; fileEncoding = 4; lastKnownFileType = sourcecode.c.h; path = PCPackagePreview.h; sourceTree = "<group>"; };
		4A34F9991835CF460084D695 /* PCPackagePreview.m */ = {isa = PBXFileReference; fileEncoding = 4; lastKnownFileType = sourcecode.c.objc; path = PCPackagePreview.m; sourceTree = "<group>"; };
		4A46B1601833116700650C3A /* Security.framework */ = {isa = PBXFileReference; lastKnownFileType = wrapper.framework; name = Security.framework; path = System/Library/Frameworks/Security.framework; sourceTree = SDKROOT; };
		4A46B16418347E3200650C3A /* PCProfile.h */ = {isa = PBXFileReference; fileEncoding = 4; lastKnownFileType = sourcecode.c.h; path = PCProfile.h; sourceTree = "<group>"; };
		4A46B16518347E3200650C3A /* PCProfile.m */ = {isa = PBXFileReference; fileEncoding = 4; lastKnownFileType = sourcecode.c.objc; path = PCProfile.m; sourceTree = "<group>"; };
		4A46B16918347EA200650C3A /* PCMutableProfile.h */ = {isa = PBXFileReference; fileEncoding = 4; lastKnownFileType = sourcecode.c.h; path = PCMutableProfile.h; sourceTree = "<group>"; };
		4A46B16A18347EA200650C3A /* PCMutableProfile.m */ = {isa = PBXFileReference; fileEncoding = 4; lastKnownFileType = sourcecode.c.objc; path = PCMutableProfile.m; sourceTree = "<group>"; };
		4A46B170183484B700650C3A /* PCProfileParser_Private.h */ = {isa = PBXFileReference; lastKnownFileType = sourcecode.c.h; path = PCProfileParser_Private.h; sourceTree = "<group>"; };
		4AB2E834183303F000A5D813 /* Hops Viewer.qlgenerator */ = {isa = PBXFileReference; explicitFileType = wrapper.cfbundle; includeInIndex = 0; path = "Hops Viewer.qlgenerator"; sourceTree = BUILT_PRODUCTS_DIR; };
		4AB2E837183303F000A5D813 /* QuickLook.framework */ = {isa = PBXFileReference; lastKnownFileType = wrapper.framework; name = QuickLook.framework; path = System/Library/Frameworks/QuickLook.framework; sourceTree = SDKROOT; };
		4AB2E839183303F000A5D813 /* ApplicationServices.framework */ = {isa = PBXFileReference; lastKnownFileType = wrapper.framework; name = ApplicationServices.framework; path = System/Library/Frameworks/ApplicationServices.framework; sourceTree = SDKROOT; };
		4AB2E83B183303F000A5D813 /* CoreServices.framework */ = {isa = PBXFileReference; lastKnownFileType = wrapper.framework; name = CoreServices.framework; path = System/Library/Frameworks/CoreServices.framework; sourceTree = SDKROOT; };
		4AB2E83D183303F000A5D813 /* CoreFoundation.framework */ = {isa = PBXFileReference; lastKnownFileType = wrapper.framework; name = CoreFoundation.framework; path = System/Library/Frameworks/CoreFoundation.framework; sourceTree = SDKROOT; };
		4AB2E841183303F000A5D813 /* Hops-Info.plist */ = {isa = PBXFileReference; lastKnownFileType = text.plist.xml; path = "Hops-Info.plist"; sourceTree = "<group>"; };
		4AB2E843183303F000A5D813 /* en */ = {isa = PBXFileReference; lastKnownFileType = text.plist.strings; name = en; path = en.lproj/InfoPlist.strings; sourceTree = "<group>"; };
		4AB2E845183303F000A5D813 /* GenerateThumbnailForURL.m */ = {isa = PBXFileReference; lastKnownFileType = sourcecode.c.objc; path = GenerateThumbnailForURL.m; sourceTree = "<group>"; };
		4AB2E847183303F000A5D813 /* GeneratePreviewForURL.m */ = {isa = PBXFileReference; lastKnownFileType = sourcecode.c.objc; path = GeneratePreviewForURL.m; sourceTree = "<group>"; };
		4AB2E849183303F000A5D813 /* main.c */ = {isa = PBXFileReference; lastKnownFileType = sourcecode.c.c; path = main.c; sourceTree = "<group>"; };
		4AB2E84B183303F000A5D813 /* Hops-Prefix.pch */ = {isa = PBXFileReference; lastKnownFileType = sourcecode.c.h; path = "Hops-Prefix.pch"; sourceTree = "<group>"; };
		4AC311291846D69900285CB5 /* text.mustache */ = {isa = PBXFileReference; fileEncoding = 4; lastKnownFileType = text; path = text.mustache; sourceTree = "<group>"; };
		4AC3112A1846EF8600285CB5 /* libGRMustache6-iOS.a */ = {isa = PBXFileReference; lastKnownFileType = archive.ar; name = "libGRMustache6-iOS.a"; path = "GRMustache/src/build/Debug-iphoneos/libGRMustache6-iOS.a"; sourceTree = "<group>"; };
		4AC3112C1846EF8C00285CB5 /* libGRMustache6-MacOS.a */ = {isa = PBXFileReference; lastKnownFileType = archive.ar; name = "libGRMustache6-MacOS.a"; path = "GRMustache/src/build/Debug/libGRMustache6-MacOS.a"; sourceTree = "<group>"; };
		4AC31134184821C200285CB5 /* html.mustache */ = {isa = PBXFileReference; fileEncoding = 4; lastKnownFileType = text; path = html.mustache; sourceTree = "<group>"; };
		4AC3113718482E1300285CB5 /* info-plist-valid.plist */ = {isa = PBXFileReference; lastKnownFileType = file.bplist; path = "info-plist-valid.plist"; sourceTree = "<group>"; };
		4AC3113918482E5D00285CB5 /* info-plist-missing-bundle-name.plist */ = {isa = PBXFileReference; fileEncoding = 4; lastKnownFileType = text.plist.xml; path = "info-plist-missing-bundle-name.plist"; sourceTree = "<group>"; };
		4AC3113B18482EBA00285CB5 /* PCInfoParserTest.m */ = {isa = PBXFileReference; fileEncoding = 4; lastKnownFileType = sourcecode.c.objc; name = PCInfoParserTest.m; path = "Hops Tests/PCInfoParserTest.m"; sourceTree = "<group>"; };
		4AC3113D18482F6000285CB5 /* PCInfoParser.h */ = {isa = PBXFileReference; fileEncoding = 4; lastKnownFileType = sourcecode.c.h; path = PCInfoParser.h; sourceTree = "<group>"; };
		4AC3113E18482F6000285CB5 /* PCInfoParser.m */ = {isa = PBXFileReference; fileEncoding = 4; lastKnownFileType = sourcecode.c.objc; path = PCInfoParser.m; sourceTree = "<group>"; };
		4AC31145184839FD00285CB5 /* PCInfo.h */ = {isa = PBXFileReference; lastKnownFileType = sourcecode.c.h; path = PCInfo.h; sourceTree = "<group>"; };
		4ACBCDC918CD499D00D9A26F /* ipa-valid-info.ipa */ = {isa = PBXFileReference; lastKnownFileType = file; path = "ipa-valid-info.ipa"; sourceTree = "<group>"; };
		4ACBCDCB18CD49C200D9A26F /* ipa-info-and-profile.ipa */ = {isa = PBXFileReference; lastKnownFileType = file; path = "ipa-info-and-profile.ipa"; sourceTree = "<group>"; };
		4AD9CC9B18415FC400B4C900 /* Hops.dylib */ = {isa = PBXFileReference; explicitFileType = "compiled.mach-o.dylib"; includeInIndex = 0; path = Hops.dylib; sourceTree = BUILT_PRODUCTS_DIR; };
		4AD9CC9C18415FC400B4C900 /* Cocoa.framework */ = {isa = PBXFileReference; lastKnownFileType = wrapper.framework; name = Cocoa.framework; path = System/Library/Frameworks/Cocoa.framework; sourceTree = SDKROOT; };
		4AD9CC9F18415FC400B4C900 /* Foundation.framework */ = {isa = PBXFileReference; lastKnownFileType = wrapper.framework; name = Foundation.framework; path = System/Library/Frameworks/Foundation.framework; sourceTree = SDKROOT; };
		4AD9CCA018415FC400B4C900 /* CoreData.framework */ = {isa = PBXFileReference; lastKnownFileType = wrapper.framework; name = CoreData.framework; path = System/Library/Frameworks/CoreData.framework; sourceTree = SDKROOT; };
		4AD9CCA118415FC400B4C900 /* AppKit.framework */ = {isa = PBXFileReference; lastKnownFileType = wrapper.framework; name = AppKit.framework; path = System/Library/Frameworks/AppKit.framework; sourceTree = SDKROOT; };
		4AD9CCC61841601E00B4C900 /* libzipzap.a */ = {isa = PBXFileReference; lastKnownFileType = archive.ar; name = libzipzap.a; path = "../../Library/Developer/Xcode/DerivedData/Hops-fgfwgdsrrnqvunagseelsuymjngl/Build/Products/Debug/libzipzap.a"; sourceTree = "<group>"; };
		4AD9CCD81841618000B4C900 /* PCPackagePreviewTest.m */ = {isa = PBXFileReference; fileEncoding = 4; lastKnownFileType = sourcecode.c.objc; name = PCPackagePreviewTest.m; path = "Hops Tests/PCPackagePreviewTest.m"; sourceTree = "<group>"; };
		4AD9CCD91841618000B4C900 /* PCPackageUnpackerTest.m */ = {isa = PBXFileReference; fileEncoding = 4; lastKnownFileType = sourcecode.c.objc; name = PCPackageUnpackerTest.m; path = "Hops Tests/PCPackageUnpackerTest.m"; sourceTree = "<group>"; };
		4AD9CCDA1841618000B4C900 /* PCProfileParserTest.m */ = {isa = PBXFileReference; fileEncoding = 4; lastKnownFileType = sourcecode.c.objc; name = PCProfileParserTest.m; path = "Hops Tests/PCProfileParserTest.m"; sourceTree = "<group>"; };
		4AD9CCDE1841618900B4C900 /* Hops Tests-Info.plist */ = {isa = PBXFileReference; fileEncoding = 4; lastKnownFileType = text.plist.xml; name = "Hops Tests-Info.plist"; path = "Hops Tests/Hops Tests-Info.plist"; sourceTree = "<group>"; };
		4AD9CCDF1841618900B4C900 /* Hops Tests-Prefix.pch */ = {isa = PBXFileReference; fileEncoding = 4; lastKnownFileType = sourcecode.c.h; name = "Hops Tests-Prefix.pch"; path = "Hops Tests/Hops Tests-Prefix.pch"; sourceTree = "<group>"; };
		4AD9CCE21841621200B4C900 /* ipa-valid-profile.ipa */ = {isa = PBXFileReference; lastKnownFileType = file; path = "ipa-valid-profile.ipa"; sourceTree = "<group>"; };
		4AD9CCE31841621200B4C900 /* ipa-no-profile.ipa */ = {isa = PBXFileReference; lastKnownFileType = file; path = "ipa-no-profile.ipa"; sourceTree = "<group>"; };
		4AD9CCE41841621200B4C900 /* ipa-corrupt.ipa */ = {isa = PBXFileReference; fileEncoding = 4; lastKnownFileType = text; path = "ipa-corrupt.ipa"; sourceTree = "<group>"; };
		4AD9CCE51841621200B4C900 /* plist-root-array.plist */ = {isa = PBXFileReference; fileEncoding = 4; lastKnownFileType = text.plist.xml; path = "plist-root-array.plist"; sourceTree = "<group>"; };
		4AD9CCE61841621200B4C900 /* profile-corrupt.mobileprovision */ = {isa = PBXFileReference; fileEncoding = 4; lastKnownFileType = text; path = "profile-corrupt.mobileprovision"; sourceTree = "<group>"; };
		4AD9CCED1841631E00B4C900 /* en */ = {isa = PBXFileReference; lastKnownFileType = text.plist.strings; name = en; path = "Hops Tests/en.lproj/InfoPlist.strings"; sourceTree = "<group>"; };
		4AD9CCEF184163CD00B4C900 /* profile-valid.mobileprovision */ = {isa = PBXFileReference; explicitFileType = text; path = "profile-valid.mobileprovision"; sourceTree = "<group>"; };
		4AE3E612183305CC008B6924 /* Hops Tests.xctest */ = {isa = PBXFileReference; explicitFileType = wrapper.cfbundle; includeInIndex = 0; path = "Hops Tests.xctest"; sourceTree = BUILT_PRODUCTS_DIR; };
		4AE3E613183305CC008B6924 /* XCTest.framework */ = {isa = PBXFileReference; lastKnownFileType = wrapper.framework; name = XCTest.framework; path = Library/Frameworks/XCTest.framework; sourceTree = DEVELOPER_DIR; };
		4AE3E6241833063F008B6924 /* PCProfileParser.h */ = {isa = PBXFileReference; fileEncoding = 4; lastKnownFileType = sourcecode.c.h; path = PCProfileParser.h; sourceTree = "<group>"; };
		4AE3E6251833063F008B6924 /* PCProfileParser.m */ = {isa = PBXFileReference; fileEncoding = 4; lastKnownFileType = sourcecode.c.objc; path = PCProfileParser.m; sourceTree = "<group>"; };
/* End PBXFileReference section */

/* Begin PBXFrameworksBuildPhase section */
		4AB2E82F183303F000A5D813 /* Frameworks */ = {
			isa = PBXFrameworksBuildPhase;
			buildActionMask = 2147483647;
			files = (
				4A2978951841658F002847A3 /* ApplicationServices.framework in Frameworks */,
				4AB2E838183303F000A5D813 /* QuickLook.framework in Frameworks */,
				4AD9CCCE1841608B00B4C900 /* CoreFoundation.framework in Frameworks */,
				4AD9CCC518415FFB00B4C900 /* Hops.dylib in Frameworks */,
			);
			runOnlyForDeploymentPostprocessing = 0;
		};
		4AD9CC9818415FC400B4C900 /* Frameworks */ = {
			isa = PBXFrameworksBuildPhase;
			buildActionMask = 2147483647;
			files = (
				4AC3112E18481C3C00285CB5 /* Security.framework in Frameworks */,
				4AC3112D1846EF8C00285CB5 /* libGRMustache6-MacOS.a in Frameworks */,
				4AD9CCCC1841605900B4C900 /* CoreFoundation.framework in Frameworks */,
				4AD9CCCB1841605500B4C900 /* CoreServices.framework in Frameworks */,
				4AD9CCCA1841605000B4C900 /* ApplicationServices.framework in Frameworks */,
				4AD9CCC91841604700B4C900 /* libc++.dylib in Frameworks */,
				4AD9CCC81841602200B4C900 /* libz.dylib in Frameworks */,
				4AD9CCC71841601E00B4C900 /* libzipzap.a in Frameworks */,
			);
			runOnlyForDeploymentPostprocessing = 0;
		};
		4AE3E60F183305CC008B6924 /* Frameworks */ = {
			isa = PBXFrameworksBuildPhase;
			buildActionMask = 2147483647;
			files = (
				4AE3E614183305CC008B6924 /* XCTest.framework in Frameworks */,
			);
			runOnlyForDeploymentPostprocessing = 0;
		};
/* End PBXFrameworksBuildPhase section */

/* Begin PBXGroup section */
		4A34F97A1835BE120084D695 /* Unpacker */ = {
			isa = PBXGroup;
			children = (
				4A34F9831835C1030084D695 /* PCPackageUnpacker.h */,
				4A34F9841835C1030084D695 /* PCPackageUnpacker.m */,
			);
			name = Unpacker;
			sourceTree = "<group>";
		};
		4A34F9971835CF0E0084D695 /* Generator */ = {
			isa = PBXGroup;
			children = (
				4AC311281846D67400285CB5 /* Templates */,
				4A34F9981835CF460084D695 /* PCPackagePreview.h */,
				4A34F9991835CF460084D695 /* PCPackagePreview.m */,
			);
			name = Generator;
			sourceTree = "<group>";
		};
		4A46B16318347E2400650C3A /* Model */ = {
			isa = PBXGroup;
			children = (
				4A46B16418347E3200650C3A /* PCProfile.h */,
				4A46B16518347E3200650C3A /* PCProfile.m */,
				4A46B16918347EA200650C3A /* PCMutableProfile.h */,
				4A46B16A18347EA200650C3A /* PCMutableProfile.m */,
				4AC31145184839FD00285CB5 /* PCInfo.h */,
			);
			name = Model;
			sourceTree = "<group>";
		};
		4AB2E829183303F000A5D813 = {
			isa = PBXGroup;
			children = (
				4AB2E83F183303F000A5D813 /* Hops */,
				4AD9CCD61841617200B4C900 /* Hops Tests */,
				4AB2E836183303F000A5D813 /* Frameworks */,
				4AB2E835183303F000A5D813 /* Products */,
			);
			sourceTree = "<group>";
		};
		4AB2E835183303F000A5D813 /* Products */ = {
			isa = PBXGroup;
			children = (
				4AB2E834183303F000A5D813 /* Hops Viewer.qlgenerator */,
				4AE3E612183305CC008B6924 /* Hops Tests.xctest */,
				4AD9CC9B18415FC400B4C900 /* Hops.dylib */,
			);
			name = Products;
			sourceTree = "<group>";
		};
		4AB2E836183303F000A5D813 /* Frameworks */ = {
			isa = PBXGroup;
			children = (
				4AC3112C1846EF8C00285CB5 /* libGRMustache6-MacOS.a */,
				4AC3112A1846EF8600285CB5 /* libGRMustache6-iOS.a */,
				4AD9CCC61841601E00B4C900 /* libzipzap.a */,
				4A34F9901835C75F0084D695 /* Foundation.framework */,
				4A34F98E1835C7440084D695 /* libzipzap.a */,
				4A34F97F1835C0280084D695 /* libz.dylib */,
				4A34F97D1835C01C0084D695 /* libc++.dylib */,
				4A34F97B1835C0000084D695 /* libzipzap.a */,
				4A46B1601833116700650C3A /* Security.framework */,
				4AB2E837183303F000A5D813 /* QuickLook.framework */,
				4AB2E839183303F000A5D813 /* ApplicationServices.framework */,
				4AB2E83B183303F000A5D813 /* CoreServices.framework */,
				4AB2E83D183303F000A5D813 /* CoreFoundation.framework */,
				4AE3E613183305CC008B6924 /* XCTest.framework */,
				4AD9CC9C18415FC400B4C900 /* Cocoa.framework */,
				4AD9CC9E18415FC400B4C900 /* Other Frameworks */,
			);
			name = Frameworks;
			sourceTree = "<group>";
		};
		4AB2E83F183303F000A5D813 /* Hops */ = {
			isa = PBXGroup;
			children = (
				4A34F9971835CF0E0084D695 /* Generator */,
				4A46B16318347E2400650C3A /* Model */,
				4A34F97A1835BE120084D695 /* Unpacker */,
				4AE3E62318330604008B6924 /* Parsers */,
				4AB2E845183303F000A5D813 /* GenerateThumbnailForURL.m */,
				4AB2E847183303F000A5D813 /* GeneratePreviewForURL.m */,
				4AB2E849183303F000A5D813 /* main.c */,
				4AB2E840183303F000A5D813 /* Supporting Files */,
			);
			path = Hops;
			sourceTree = "<group>";
		};
		4AB2E840183303F000A5D813 /* Supporting Files */ = {
			isa = PBXGroup;
			children = (
				4AB2E841183303F000A5D813 /* Hops-Info.plist */,
				4AB2E842183303F000A5D813 /* InfoPlist.strings */,
				4AB2E84B183303F000A5D813 /* Hops-Prefix.pch */,
			);
			name = "Supporting Files";
			sourceTree = "<group>";
		};
		4AC311281846D67400285CB5 /* Templates */ = {
			isa = PBXGroup;
			children = (
				4AC311291846D69900285CB5 /* text.mustache */,
				4AC31134184821C200285CB5 /* html.mustache */,
			);
			name = Templates;
			sourceTree = "<group>";
		};
		4AD9CC9E18415FC400B4C900 /* Other Frameworks */ = {
			isa = PBXGroup;
			children = (
				4AD9CC9F18415FC400B4C900 /* Foundation.framework */,
				4AD9CCA018415FC400B4C900 /* CoreData.framework */,
				4AD9CCA118415FC400B4C900 /* AppKit.framework */,
			);
			name = "Other Frameworks";
			sourceTree = "<group>";
		};
		4AD9CCD61841617200B4C900 /* Hops Tests */ = {
			isa = PBXGroup;
			children = (
				4AD9CCE1184161D800B4C900 /* Fixtures */,
				4AD9CCD81841618000B4C900 /* PCPackagePreviewTest.m */,
				4AD9CCD91841618000B4C900 /* PCPackageUnpackerTest.m */,
				4AD9CCDA1841618000B4C900 /* PCProfileParserTest.m */,
				4AC3113B18482EBA00285CB5 /* PCInfoParserTest.m */,
				4AD9CCD71841617400B4C900 /* Supporting Files */,
			);
			name = "Hops Tests";
			sourceTree = "<group>";
		};
		4AD9CCD71841617400B4C900 /* Supporting Files */ = {
			isa = PBXGroup;
			children = (
				4AD9CCEC1841631E00B4C900 /* InfoPlist.strings */,
				4AD9CCDE1841618900B4C900 /* Hops Tests-Info.plist */,
				4AD9CCDF1841618900B4C900 /* Hops Tests-Prefix.pch */,
			);
			name = "Supporting Files";
			sourceTree = "<group>";
		};
		4AD9CCE1184161D800B4C900 /* Fixtures */ = {
			isa = PBXGroup;
			children = (
				4AC3113718482E1300285CB5 /* info-plist-valid.plist */,
				4AC3113918482E5D00285CB5 /* info-plist-missing-bundle-name.plist */,
				4ACBCDCB18CD49C200D9A26F /* ipa-info-and-profile.ipa */,
				4AD9CCE21841621200B4C900 /* ipa-valid-profile.ipa */,
				4ACBCDC918CD499D00D9A26F /* ipa-valid-info.ipa */,
				4AD9CCE31841621200B4C900 /* ipa-no-profile.ipa */,
				4AD9CCE41841621200B4C900 /* ipa-corrupt.ipa */,
				4AD9CCE51841621200B4C900 /* plist-root-array.plist */,
				4AD9CCEF184163CD00B4C900 /* profile-valid.mobileprovision */,
				4AD9CCE61841621200B4C900 /* profile-corrupt.mobileprovision */,
			);
			name = Fixtures;
			path = "Hops Tests/Fixtures";
			sourceTree = "<group>";
		};
		4AE3E62318330604008B6924 /* Parsers */ = {
			isa = PBXGroup;
			children = (
				4A46B170183484B700650C3A /* PCProfileParser_Private.h */,
				4AE3E6241833063F008B6924 /* PCProfileParser.h */,
				4AE3E6251833063F008B6924 /* PCProfileParser.m */,
				4AC3113D18482F6000285CB5 /* PCInfoParser.h */,
				4AC3113E18482F6000285CB5 /* PCInfoParser.m */,
			);
			name = Parsers;
			sourceTree = "<group>";
		};
/* End PBXGroup section */

/* Begin PBXHeadersBuildPhase section */
		4AB2E830183303F000A5D813 /* Headers */ = {
			isa = PBXHeadersBuildPhase;
			buildActionMask = 2147483647;
			files = (
				4AE3E6261833063F008B6924 /* PCProfileParser.h in Headers */,
				4A34F99A1835CF460084D695 /* PCPackagePreview.h in Headers */,
				4A46B16618347E3200650C3A /* PCProfile.h in Headers */,
				4A46B16B18347EA200650C3A /* PCMutableProfile.h in Headers */,
				4A34F9851835C1030084D695 /* PCPackageUnpacker.h in Headers */,
			);
			runOnlyForDeploymentPostprocessing = 0;
		};
		4AD9CC9918415FC400B4C900 /* Headers */ = {
			isa = PBXHeadersBuildPhase;
			buildActionMask = 2147483647;
			files = (
				4AC3113F18482F6000285CB5 /* PCInfoParser.h in Headers */,
			);
			runOnlyForDeploymentPostprocessing = 0;
		};
/* End PBXHeadersBuildPhase section */

/* Begin PBXNativeTarget section */
		4AB2E833183303F000A5D813 /* Hops Viewer */ = {
			isa = PBXNativeTarget;
			buildConfigurationList = 4AB2E84E183303F000A5D813 /* Build configuration list for PBXNativeTarget "Hops Viewer" */;
			buildPhases = (
				4AB2E82E183303F000A5D813 /* Sources */,
				4AB2E82F183303F000A5D813 /* Frameworks */,
				4AB2E830183303F000A5D813 /* Headers */,
				4AB2E831183303F000A5D813 /* Resources */,
				4AB2E832183303F000A5D813 /* Rez */,
				4A29789718416713002847A3 /* CopyFiles */,
				4AC311321848207200285CB5 /* CopyFiles */,
			);
			buildRules = (
			);
			dependencies = (
			);
			name = "Hops Viewer";
			productName = Hops;
			productReference = 4AB2E834183303F000A5D813 /* Hops Viewer.qlgenerator */;
			productType = "com.apple.product-type.bundle";
		};
		4AD9CC9A18415FC400B4C900 /* Hops */ = {
			isa = PBXNativeTarget;
			buildConfigurationList = 4AD9CCBE18415FC500B4C900 /* Build configuration list for PBXNativeTarget "Hops" */;
			buildPhases = (
				4AD9CC9718415FC400B4C900 /* Sources */,
				4AD9CC9818415FC400B4C900 /* Frameworks */,
				4AD9CC9918415FC400B4C900 /* Headers */,
				4AC3112F18481CB500285CB5 /* CopyFiles */,
			);
			buildRules = (
			);
			dependencies = (
			);
			name = Hops;
			productName = Hops;
			productReference = 4AD9CC9B18415FC400B4C900 /* Hops.dylib */;
			productType = "com.apple.product-type.library.dynamic";
		};
		4AE3E611183305CC008B6924 /* Hops Tests */ = {
			isa = PBXNativeTarget;
			buildConfigurationList = 4AE3E622183305CC008B6924 /* Build configuration list for PBXNativeTarget "Hops Tests" */;
			buildPhases = (
				4AE3E60E183305CC008B6924 /* Sources */,
				4AE3E60F183305CC008B6924 /* Frameworks */,
				4AE3E610183305CC008B6924 /* Resources */,
			);
			buildRules = (
			);
			dependencies = (
				4AE3E61F183305CC008B6924 /* PBXTargetDependency */,
			);
			name = "Hops Tests";
			productName = "Hops Tests";
			productReference = 4AE3E612183305CC008B6924 /* Hops Tests.xctest */;
			productType = "com.apple.product-type.bundle.unit-test";
		};
/* End PBXNativeTarget section */

/* Begin PBXProject section */
		4AB2E82A183303F000A5D813 /* Project object */ = {
			isa = PBXProject;
			attributes = {
				LastUpgradeCheck = 0500;
				ORGANIZATIONNAME = "Phil Calvin";
				TargetAttributes = {
					4AE3E611183305CC008B6924 = {
						TestTargetID = 4AD9CC9A18415FC400B4C900;
					};
				};
			};
			buildConfigurationList = 4AB2E82D183303F000A5D813 /* Build configuration list for PBXProject "Hops" */;
			compatibilityVersion = "Xcode 3.2";
			developmentRegion = English;
			hasScannedForEncodings = 0;
			knownRegions = (
				en,
			);
			mainGroup = 4AB2E829183303F000A5D813;
			productRefGroup = 4AB2E835183303F000A5D813 /* Products */;
			projectDirPath = "";
			projectRoot = "";
			targets = (
				4AD9CC9A18415FC400B4C900 /* Hops */,
				4AB2E833183303F000A5D813 /* Hops Viewer */,
				4AE3E611183305CC008B6924 /* Hops Tests */,
			);
		};
/* End PBXProject section */

/* Begin PBXResourcesBuildPhase section */
		4AB2E831183303F000A5D813 /* Resources */ = {
			isa = PBXResourcesBuildPhase;
			buildActionMask = 2147483647;
			files = (
				4AB2E844183303F000A5D813 /* InfoPlist.strings in Resources */,
			);
			runOnlyForDeploymentPostprocessing = 0;
		};
		4AE3E610183305CC008B6924 /* Resources */ = {
			isa = PBXResourcesBuildPhase;
			buildActionMask = 2147483647;
			files = (
				4AC3113818482E1300285CB5 /* info-plist-valid.plist in Resources */,
				4AD9CCEA1841621200B4C900 /* plist-root-array.plist in Resources */,
				4ACBCDCA18CD49A600D9A26F /* ipa-valid-info.ipa in Resources */,
				4ACBCDCC18CD49C200D9A26F /* ipa-info-and-profile.ipa in Resources */,
				4AD9CCEE1841631E00B4C900 /* InfoPlist.strings in Resources */,
				4AC3113A18482E5D00285CB5 /* info-plist-missing-bundle-name.plist in Resources */,
				4AD9CCF0184163CD00B4C900 /* profile-valid.mobileprovision in Resources */,
				4AD9CCE71841621200B4C900 /* ipa-valid-profile.ipa in Resources */,
				4AD9CCE91841621200B4C900 /* ipa-corrupt.ipa in Resources */,
				4AD9CCEB1841621200B4C900 /* profile-corrupt.mobileprovision in Resources */,
				4AD9CCE81841621200B4C900 /* ipa-no-profile.ipa in Resources */,
			);
			runOnlyForDeploymentPostprocessing = 0;
		};
/* End PBXResourcesBuildPhase section */

/* Begin PBXRezBuildPhase section */
		4AB2E832183303F000A5D813 /* Rez */ = {
			isa = PBXRezBuildPhase;
			buildActionMask = 2147483647;
			files = (
			);
			runOnlyForDeploymentPostprocessing = 0;
		};
/* End PBXRezBuildPhase section */

/* Begin PBXSourcesBuildPhase section */
		4AB2E82E183303F000A5D813 /* Sources */ = {
			isa = PBXSourcesBuildPhase;
			buildActionMask = 2147483647;
			files = (
				4AB2E846183303F000A5D813 /* GenerateThumbnailForURL.m in Sources */,
				4AB2E848183303F000A5D813 /* GeneratePreviewForURL.m in Sources */,
				4AB2E84A183303F000A5D813 /* main.c in Sources */,
			);
			runOnlyForDeploymentPostprocessing = 0;
		};
		4AD9CC9718415FC400B4C900 /* Sources */ = {
			isa = PBXSourcesBuildPhase;
			buildActionMask = 2147483647;
			files = (
				4AD9CCC018415FE400B4C900 /* PCPackagePreview.m in Sources */,
				4AD9CCC118415FE400B4C900 /* PCProfile.m in Sources */,
				4AD9CCC218415FE400B4C900 /* PCMutableProfile.m in Sources */,
				4AD9CCC318415FE400B4C900 /* PCPackageUnpacker.m in Sources */,
				4AD9CCC418415FE400B4C900 /* PCProfileParser.m in Sources */,
				4AC3114018482F6000285CB5 /* PCInfoParser.m in Sources */,
			);
			runOnlyForDeploymentPostprocessing = 0;
		};
		4AE3E60E183305CC008B6924 /* Sources */ = {
			isa = PBXSourcesBuildPhase;
			buildActionMask = 2147483647;
			files = (
				4AD9CCDD1841618000B4C900 /* PCProfileParserTest.m in Sources */,
				4AC3113C18482EBA00285CB5 /* PCInfoParserTest.m in Sources */,
				4AD9CCDC1841618000B4C900 /* PCPackageUnpackerTest.m in Sources */,
				4AD9CCDB1841618000B4C900 /* PCPackagePreviewTest.m in Sources */,
			);
			runOnlyForDeploymentPostprocessing = 0;
		};
/* End PBXSourcesBuildPhase section */

/* Begin PBXTargetDependency section */
		4AE3E61F183305CC008B6924 /* PBXTargetDependency */ = {
			isa = PBXTargetDependency;
			target = 4AB2E833183303F000A5D813 /* Hops Viewer */;
			targetProxy = 4AE3E61E183305CC008B6924 /* PBXContainerItemProxy */;
		};
/* End PBXTargetDependency section */

/* Begin PBXVariantGroup section */
		4AB2E842183303F000A5D813 /* InfoPlist.strings */ = {
			isa = PBXVariantGroup;
			children = (
				4AB2E843183303F000A5D813 /* en */,
			);
			name = InfoPlist.strings;
			sourceTree = "<group>";
		};
		4AD9CCEC1841631E00B4C900 /* InfoPlist.strings */ = {
			isa = PBXVariantGroup;
			children = (
				4AD9CCED1841631E00B4C900 /* en */,
			);
			name = InfoPlist.strings;
			sourceTree = "<group>";
		};
/* End PBXVariantGroup section */

/* Begin XCBuildConfiguration section */
		4AB2E84C183303F000A5D813 /* Debug */ = {
			isa = XCBuildConfiguration;
			buildSettings = {
				ALWAYS_SEARCH_USER_PATHS = NO;
				CLANG_CXX_LANGUAGE_STANDARD = "gnu++0x";
				CLANG_CXX_LIBRARY = "libc++";
				CLANG_ENABLE_OBJC_ARC = YES;
				CLANG_WARN_BOOL_CONVERSION = YES;
				CLANG_WARN_CONSTANT_CONVERSION = YES;
				CLANG_WARN_DIRECT_OBJC_ISA_USAGE = YES_ERROR;
				CLANG_WARN_EMPTY_BODY = YES;
				CLANG_WARN_ENUM_CONVERSION = YES;
				CLANG_WARN_INT_CONVERSION = YES;
				CLANG_WARN_OBJC_ROOT_CLASS = YES_ERROR;
				CLANG_WARN__DUPLICATE_METHOD_MATCH = YES;
				COPY_PHASE_STRIP = NO;
				GCC_C_LANGUAGE_STANDARD = gnu99;
				GCC_DYNAMIC_NO_PIC = NO;
				GCC_ENABLE_OBJC_EXCEPTIONS = YES;
				GCC_OPTIMIZATION_LEVEL = 0;
				GCC_PREPROCESSOR_DEFINITIONS = (
					"DEBUG=1",
					"$(inherited)",
				);
				GCC_SYMBOLS_PRIVATE_EXTERN = NO;
				GCC_WARN_64_TO_32_BIT_CONVERSION = YES;
				GCC_WARN_ABOUT_RETURN_TYPE = YES_ERROR;
				GCC_WARN_UNDECLARED_SELECTOR = YES;
				GCC_WARN_UNINITIALIZED_AUTOS = YES;
				GCC_WARN_UNUSED_FUNCTION = YES;
				GCC_WARN_UNUSED_VARIABLE = YES;
				HEADER_SEARCH_PATHS = (
					"$(inherited)",
					/Applications/Xcode.app/Contents/Developer/Toolchains/XcodeDefault.xctoolchain/usr/include,
					"$(SRCROOT)/zipzap/",
				);
				MACOSX_DEPLOYMENT_TARGET = 10.8;
				ONLY_ACTIVE_ARCH = YES;
				SDKROOT = macosx;
			};
			name = Debug;
		};
		4AB2E84D183303F000A5D813 /* Release */ = {
			isa = XCBuildConfiguration;
			buildSettings = {
				ALWAYS_SEARCH_USER_PATHS = NO;
				CLANG_CXX_LANGUAGE_STANDARD = "gnu++0x";
				CLANG_CXX_LIBRARY = "libc++";
				CLANG_ENABLE_OBJC_ARC = YES;
				CLANG_WARN_BOOL_CONVERSION = YES;
				CLANG_WARN_CONSTANT_CONVERSION = YES;
				CLANG_WARN_DIRECT_OBJC_ISA_USAGE = YES_ERROR;
				CLANG_WARN_EMPTY_BODY = YES;
				CLANG_WARN_ENUM_CONVERSION = YES;
				CLANG_WARN_INT_CONVERSION = YES;
				CLANG_WARN_OBJC_ROOT_CLASS = YES_ERROR;
				CLANG_WARN__DUPLICATE_METHOD_MATCH = YES;
				COPY_PHASE_STRIP = YES;
				DEBUG_INFORMATION_FORMAT = "dwarf-with-dsym";
				ENABLE_NS_ASSERTIONS = NO;
				GCC_C_LANGUAGE_STANDARD = gnu99;
				GCC_ENABLE_OBJC_EXCEPTIONS = YES;
				GCC_WARN_64_TO_32_BIT_CONVERSION = YES;
				GCC_WARN_ABOUT_RETURN_TYPE = YES_ERROR;
				GCC_WARN_UNDECLARED_SELECTOR = YES;
				GCC_WARN_UNINITIALIZED_AUTOS = YES;
				GCC_WARN_UNUSED_FUNCTION = YES;
				GCC_WARN_UNUSED_VARIABLE = YES;
				HEADER_SEARCH_PATHS = (
					"$(inherited)",
					/Applications/Xcode.app/Contents/Developer/Toolchains/XcodeDefault.xctoolchain/usr/include,
					"$(SRCROOT)/zipzap/",
				);
				MACOSX_DEPLOYMENT_TARGET = 10.8;
				SDKROOT = macosx;
			};
			name = Release;
		};
		4AB2E84F183303F000A5D813 /* Debug */ = {
			isa = XCBuildConfiguration;
			buildSettings = {
				COMBINE_HIDPI_IMAGES = YES;
				GCC_PRECOMPILE_PREFIX_HEADER = YES;
				GCC_PREFIX_HEADER = "Hops/Hops-Prefix.pch";
				HEADER_SEARCH_PATHS = (
					"$(inherited)",
					/Applications/Xcode.app/Contents/Developer/Toolchains/XcodeDefault.xctoolchain/usr/include,
				);
				INFOPLIST_FILE = "Hops/Hops-Info.plist";
				INSTALL_PATH = /Library/QuickLook;
				PRODUCT_NAME = "$(TARGET_NAME)";
				WRAPPER_EXTENSION = qlgenerator;
			};
			name = Debug;
		};
		4AB2E850183303F000A5D813 /* Release */ = {
			isa = XCBuildConfiguration;
			buildSettings = {
				COMBINE_HIDPI_IMAGES = YES;
				GCC_PRECOMPILE_PREFIX_HEADER = YES;
				GCC_PREFIX_HEADER = "Hops/Hops-Prefix.pch";
				HEADER_SEARCH_PATHS = (
					"$(inherited)",
					/Applications/Xcode.app/Contents/Developer/Toolchains/XcodeDefault.xctoolchain/usr/include,
				);
				INFOPLIST_FILE = "Hops/Hops-Info.plist";
				INSTALL_PATH = /Library/QuickLook;
				PRODUCT_NAME = "$(TARGET_NAME)";
				WRAPPER_EXTENSION = qlgenerator;
			};
			name = Release;
		};
		4AD9CCBA18415FC500B4C900 /* Debug */ = {
			isa = XCBuildConfiguration;
			buildSettings = {
				DYLIB_COMPATIBILITY_VERSION = 1;
				DYLIB_CURRENT_VERSION = 1;
				GCC_PRECOMPILE_PREFIX_HEADER = YES;
				GCC_PREFIX_HEADER = "Hops/Hops-Prefix.pch";
				GCC_PREPROCESSOR_DEFINITIONS = (
					"DEBUG=1",
					"$(inherited)",
				);
				HEADER_SEARCH_PATHS = (
					"$(inherited)",
					/Applications/Xcode.app/Contents/Developer/Toolchains/XcodeDefault.xctoolchain/usr/include,
					"$(SRCROOT)/zipzap/",
					"$(SRCROOT)/GRMustache/include/",
				);
				INSTALL_PATH = "@loader_path/../Frameworks";
				LIBRARY_SEARCH_PATHS = (
					"$(inherited)",
					"$(USER_LIBRARY_DIR)/Developer/Xcode/DerivedData/Hops-fgfwgdsrrnqvunagseelsuymjngl/Build/Products/Debug",
				);
				PRODUCT_NAME = "$(TARGET_NAME)";
			};
			name = Debug;
		};
		4AD9CCBB18415FC500B4C900 /* Release */ = {
			isa = XCBuildConfiguration;
			buildSettings = {
				DYLIB_COMPATIBILITY_VERSION = 1;
				DYLIB_CURRENT_VERSION = 1;
				GCC_PRECOMPILE_PREFIX_HEADER = YES;
				GCC_PREFIX_HEADER = "Hops/Hops-Prefix.pch";
				HEADER_SEARCH_PATHS = (
					"$(inherited)",
					/Applications/Xcode.app/Contents/Developer/Toolchains/XcodeDefault.xctoolchain/usr/include,
					"$(SRCROOT)/zipzap/",
					"$(SRCROOT)/GRMustache/include/",
				);
				INSTALL_PATH = "@loader_path/../Frameworks";
				LIBRARY_SEARCH_PATHS = (
					"$(inherited)",
					"$(USER_LIBRARY_DIR)/Developer/Xcode/DerivedData/Hops-fgfwgdsrrnqvunagseelsuymjngl/Build/Products/Debug",
				);
				PRODUCT_NAME = "$(TARGET_NAME)";
			};
			name = Release;
		};
		4AE3E620183305CC008B6924 /* Debug */ = {
			isa = XCBuildConfiguration;
			buildSettings = {
				BUNDLE_LOADER = "$(BUILT_PRODUCTS_DIR)/Hops.dylib";
				FRAMEWORK_SEARCH_PATHS = (
					"$(DEVELOPER_FRAMEWORKS_DIR)",
					"$(inherited)",
				);
				GCC_PRECOMPILE_PREFIX_HEADER = YES;
				GCC_PREFIX_HEADER = "Hops Tests/Hops Tests-Prefix.pch";
				GCC_PREPROCESSOR_DEFINITIONS = (
					"DEBUG=1",
					"$(inherited)",
				);
				INFOPLIST_FILE = "Hops Tests/Hops Tests-Info.plist";
				LIBRARY_SEARCH_PATHS = (
					"$(inherited)",
					"$(USER_LIBRARY_DIR)/Developer/Xcode/DerivedData/Hops-fzrjeswtxiuqnwajjmqrektwaauc/Build/Products/Debug",
				);
				PRODUCT_NAME = "$(TARGET_NAME)";
				TEST_HOST = "$(BUNDLE_LOADER)";
				WRAPPER_EXTENSION = xctest;
			};
			name = Debug;
		};
		4AE3E621183305CC008B6924 /* Release */ = {
			isa = XCBuildConfiguration;
			buildSettings = {
				BUNDLE_LOADER = "$(BUILT_PRODUCTS_DIR)/Hops.dylib";
				FRAMEWORK_SEARCH_PATHS = (
					"$(DEVELOPER_FRAMEWORKS_DIR)",
					"$(inherited)",
				);
				GCC_PRECOMPILE_PREFIX_HEADER = YES;
				GCC_PREFIX_HEADER = "Hops Tests/Hops Tests-Prefix.pch";
				INFOPLIST_FILE = "Hops Tests/Hops Tests-Info.plist";
				LIBRARY_SEARCH_PATHS = (
					"$(inherited)",
					"$(USER_LIBRARY_DIR)/Developer/Xcode/DerivedData/Hops-fzrjeswtxiuqnwajjmqrektwaauc/Build/Products/Debug",
				);
				PRODUCT_NAME = "$(TARGET_NAME)";
				TEST_HOST = "$(BUNDLE_LOADER)";
				WRAPPER_EXTENSION = xctest;
			};
			name = Release;
		};
/* End XCBuildConfiguration section */

/* Begin XCConfigurationList section */
		4AB2E82D183303F000A5D813 /* Build configuration list for PBXProject "Hops" */ = {
			isa = XCConfigurationList;
			buildConfigurations = (
				4AB2E84C183303F000A5D813 /* Debug */,
				4AB2E84D183303F000A5D813 /* Release */,
			);
			defaultConfigurationIsVisible = 0;
			defaultConfigurationName = Release;
		};
		4AB2E84E183303F000A5D813 /* Build configuration list for PBXNativeTarget "Hops Viewer" */ = {
			isa = XCConfigurationList;
			buildConfigurations = (
				4AB2E84F183303F000A5D813 /* Debug */,
				4AB2E850183303F000A5D813 /* Release */,
			);
			defaultConfigurationIsVisible = 0;
			defaultConfigurationName = Release;
		};
		4AD9CCBE18415FC500B4C900 /* Build configuration list for PBXNativeTarget "Hops" */ = {
			isa = XCConfigurationList;
			buildConfigurations = (
				4AD9CCBA18415FC500B4C900 /* Debug */,
				4AD9CCBB18415FC500B4C900 /* Release */,
			);
			defaultConfigurationIsVisible = 0;
			defaultConfigurationName = Release;
		};
		4AE3E622183305CC008B6924 /* Build configuration list for PBXNativeTarget "Hops Tests" */ = {
			isa = XCConfigurationList;
			buildConfigurations = (
				4AE3E620183305CC008B6924 /* Debug */,
				4AE3E621183305CC008B6924 /* Release */,
			);
			defaultConfigurationIsVisible = 0;
			defaultConfigurationName = Release;
		};
/* End XCConfigurationList section */
	};
	rootObject = 4AB2E82A183303F000A5D813 /* Project object */;
}
